// !$*UTF8*$!
{
	archiveVersion = 1;
	classes = {
	};
	objectVersion = 55;
	objects = {

/* Begin PBXBuildFile section */
		23870159279B06D200F86375 /* CategoryController.swift in Sources */ = {isa = PBXBuildFile; fileRef = 23870158279B06D200F86375 /* CategoryController.swift */; };
		23F9DA03279A319A00B61768 /* AppDelegate.swift in Sources */ = {isa = PBXBuildFile; fileRef = 23F9DA02279A319A00B61768 /* AppDelegate.swift */; };
		23F9DA05279A319A00B61768 /* SceneDelegate.swift in Sources */ = {isa = PBXBuildFile; fileRef = 23F9DA04279A319A00B61768 /* SceneDelegate.swift */; };
		23F9DA07279A319A00B61768 /* ViewController.swift in Sources */ = {isa = PBXBuildFile; fileRef = 23F9DA06279A319A00B61768 /* ViewController.swift */; };
		23F9DA0A279A319A00B61768 /* Main.storyboard in Resources */ = {isa = PBXBuildFile; fileRef = 23F9DA08279A319A00B61768 /* Main.storyboard */; };
		23F9DA0D279A319A00B61768 /* task_TheAvengers_IOS.xcdatamodeld in Sources */ = {isa = PBXBuildFile; fileRef = 23F9DA0B279A319A00B61768 /* task_TheAvengers_IOS.xcdatamodeld */; };
		23F9DA0F279A319B00B61768 /* Assets.xcassets in Resources */ = {isa = PBXBuildFile; fileRef = 23F9DA0E279A319B00B61768 /* Assets.xcassets */; };
		23F9DA12279A319B00B61768 /* LaunchScreen.storyboard in Resources */ = {isa = PBXBuildFile; fileRef = 23F9DA10279A319B00B61768 /* LaunchScreen.storyboard */; };
/* End PBXBuildFile section */

/* Begin PBXFileReference section */
		23870158279B06D200F86375 /* CategoryController.swift */ = {isa = PBXFileReference; lastKnownFileType = sourcecode.swift; path = CategoryController.swift; sourceTree = "<group>"; };
		23F9D9FF279A319A00B61768 /* task_TheAvengers_IOS.app */ = {isa = PBXFileReference; explicitFileType = wrapper.application; includeInIndex = 0; path = task_TheAvengers_IOS.app; sourceTree = BUILT_PRODUCTS_DIR; };
		23F9DA02279A319A00B61768 /* AppDelegate.swift */ = {isa = PBXFileReference; lastKnownFileType = sourcecode.swift; path = AppDelegate.swift; sourceTree = "<group>"; };
		23F9DA04279A319A00B61768 /* SceneDelegate.swift */ = {isa = PBXFileReference; lastKnownFileType = sourcecode.swift; path = SceneDelegate.swift; sourceTree = "<group>"; };
		23F9DA06279A319A00B61768 /* ViewController.swift */ = {isa = PBXFileReference; lastKnownFileType = sourcecode.swift; path = ViewController.swift; sourceTree = "<group>"; };
		23F9DA09279A319A00B61768 /* Base */ = {isa = PBXFileReference; lastKnownFileType = file.storyboard; name = Base; path = Base.lproj/Main.storyboard; sourceTree = "<group>"; };
		23F9DA0C279A319A00B61768 /* task_TheAvengers_IOS.xcdatamodel */ = {isa = PBXFileReference; lastKnownFileType = wrapper.xcdatamodel; path = task_TheAvengers_IOS.xcdatamodel; sourceTree = "<group>"; };
		23F9DA0E279A319B00B61768 /* Assets.xcassets */ = {isa = PBXFileReference; lastKnownFileType = folder.assetcatalog; path = Assets.xcassets; sourceTree = "<group>"; };
		23F9DA11279A319B00B61768 /* Base */ = {isa = PBXFileReference; lastKnownFileType = file.storyboard; name = Base; path = Base.lproj/LaunchScreen.storyboard; sourceTree = "<group>"; };
		23F9DA13279A319B00B61768 /* Info.plist */ = {isa = PBXFileReference; lastKnownFileType = text.plist.xml; path = Info.plist; sourceTree = "<group>"; };
/* End PBXFileReference section */

/* Begin PBXFrameworksBuildPhase section */
		23F9D9FC279A319A00B61768 /* Frameworks */ = {
			isa = PBXFrameworksBuildPhase;
			buildActionMask = 2147483647;
			files = (
			);
			runOnlyForDeploymentPostprocessing = 0;
		};
/* End PBXFrameworksBuildPhase section */

/* Begin PBXGroup section */
		23F9D9F6279A319A00B61768 = {
			isa = PBXGroup;
			children = (
				23F9DA01279A319A00B61768 /* task_TheAvengers_IOS */,
				23F9DA00279A319A00B61768 /* Products */,
			);
			sourceTree = "<group>";
		};
		23F9DA00279A319A00B61768 /* Products */ = {
			isa = PBXGroup;
			children = (
				23F9D9FF279A319A00B61768 /* task_TheAvengers_IOS.app */,
			);
			name = Products;
			sourceTree = "<group>";
		};
		23F9DA01279A319A00B61768 /* task_TheAvengers_IOS */ = {
			isa = PBXGroup;
			children = (
				23F9DA02279A319A00B61768 /* AppDelegate.swift */,
				23F9DA04279A319A00B61768 /* SceneDelegate.swift */,
				23F9DA06279A319A00B61768 /* ViewController.swift */,
				23F9DA08279A319A00B61768 /* Main.storyboard */,
				23F9DA0E279A319B00B61768 /* Assets.xcassets */,
				23F9DA10279A319B00B61768 /* LaunchScreen.storyboard */,
				23F9DA13279A319B00B61768 /* Info.plist */,
				23F9DA0B279A319A00B61768 /* task_TheAvengers_IOS.xcdatamodeld */,
				23870158279B06D200F86375 /* CategoryController.swift */,
			);
			path = task_TheAvengers_IOS;
			sourceTree = "<group>";
		};
/* End PBXGroup section */

/* Begin PBXNativeTarget section */
		23F9D9FE279A319A00B61768 /* task_TheAvengers_IOS */ = {
			isa = PBXNativeTarget;
			buildConfigurationList = 23F9DA16279A319B00B61768 /* Build configuration list for PBXNativeTarget "task_TheAvengers_IOS" */;
			buildPhases = (
				23F9D9FB279A319A00B61768 /* Sources */,
				23F9D9FC279A319A00B61768 /* Frameworks */,
				23F9D9FD279A319A00B61768 /* Resources */,
			);
			buildRules = (
			);
			dependencies = (
			);
			name = task_TheAvengers_IOS;
			productName = task_TheAvengers_IOS;
			productReference = 23F9D9FF279A319A00B61768 /* task_TheAvengers_IOS.app */;
			productType = "com.apple.product-type.application";
		};
/* End PBXNativeTarget section */

/* Begin PBXProject section */
		23F9D9F7279A319A00B61768 /* Project object */ = {
			isa = PBXProject;
			attributes = {
				BuildIndependentTargetsInParallel = 1;
				LastSwiftUpdateCheck = 1320;
				LastUpgradeCheck = 1320;
				TargetAttributes = {
					23F9D9FE279A319A00B61768 = {
						CreatedOnToolsVersion = 13.2.1;
					};
				};
			};
			buildConfigurationList = 23F9D9FA279A319A00B61768 /* Build configuration list for PBXProject "task_TheAvengers_IOS" */;
			compatibilityVersion = "Xcode 13.0";
			developmentRegion = en;
			hasScannedForEncodings = 0;
			knownRegions = (
				en,
				Base,
			);
			mainGroup = 23F9D9F6279A319A00B61768;
			productRefGroup = 23F9DA00279A319A00B61768 /* Products */;
			projectDirPath = "";
			projectRoot = "";
			targets = (
				23F9D9FE279A319A00B61768 /* task_TheAvengers_IOS */,
			);
		};
/* End PBXProject section */

/* Begin PBXResourcesBuildPhase section */
		23F9D9FD279A319A00B61768 /* Resources */ = {
			isa = PBXResourcesBuildPhase;
			buildActionMask = 2147483647;
			files = (
				23F9DA12279A319B00B61768 /* LaunchScreen.storyboard in Resources */,
				23F9DA0F279A319B00B61768 /* Assets.xcassets in Resources */,
				23F9DA0A279A319A00B61768 /* Main.storyboard in Resources */,
			);
			runOnlyForDeploymentPostprocessing = 0;
		};
/* End PBXResourcesBuildPhase section */

/* Begin PBXSourcesBuildPhase section */
		23F9D9FB279A319A00B61768 /* Sources */ = {
			isa = PBXSourcesBuildPhase;
			buildActionMask = 2147483647;
			files = (
				23F9DA07279A319A00B61768 /* ViewController.swift in Sources */,
				23870159279B06D200F86375 /* CategoryController.swift in Sources */,
				23F9DA03279A319A00B61768 /* AppDelegate.swift in Sources */,
				23F9DA05279A319A00B61768 /* SceneDelegate.swift in Sources */,
				23F9DA0D279A319A00B61768 /* task_TheAvengers_IOS.xcdatamodeld in Sources */,
			);
			runOnlyForDeploymentPostprocessing = 0;
		};
/* End PBXSourcesBuildPhase section */

/* Begin PBXVariantGroup section */
		23F9DA08279A319A00B61768 /* Main.storyboard */ = {
			isa = PBXVariantGroup;
			children = (
				23F9DA09279A319A00B61768 /* Base */,
			);
			name = Main.storyboard;
			sourceTree = "<group>";
		};
		23F9DA10279A319B00B61768 /* LaunchScreen.storyboard */ = {
			isa = PBXVariantGroup;
			children = (
				23F9DA11279A319B00B61768 /* Base */,
			);
			name = LaunchScreen.storyboard;
			sourceTree = "<group>";
		};
/* End PBXVariantGroup section */

/* Begin XCBuildConfiguration section */
		23F9DA14279A319B00B61768 /* Debug */ = {
			isa = XCBuildConfiguration;
			buildSettings = {
				ALWAYS_SEARCH_USER_PATHS = NO;
				CLANG_ANALYZER_NONNULL = YES;
				CLANG_ANALYZER_NUMBER_OBJECT_CONVERSION = YES_AGGRESSIVE;
				CLANG_CXX_LANGUAGE_STANDARD = "gnu++17";
				CLANG_CXX_LIBRARY = "libc++";
				CLANG_ENABLE_MODULES = YES;
				CLANG_ENABLE_OBJC_ARC = YES;
				CLANG_ENABLE_OBJC_WEAK = YES;
				CLANG_WARN_BLOCK_CAPTURE_AUTORELEASING = YES;
				CLANG_WARN_BOOL_CONVERSION = YES;
				CLANG_WARN_COMMA = YES;
				CLANG_WARN_CONSTANT_CONVERSION = YES;
				CLANG_WARN_DEPRECATED_OBJC_IMPLEMENTATIONS = YES;
				CLANG_WARN_DIRECT_OBJC_ISA_USAGE = YES_ERROR;
				CLANG_WARN_DOCUMENTATION_COMMENTS = YES;
				CLANG_WARN_EMPTY_BODY = YES;
				CLANG_WARN_ENUM_CONVERSION = YES;
				CLANG_WARN_INFINITE_RECURSION = YES;
				CLANG_WARN_INT_CONVERSION = YES;
				CLANG_WARN_NON_LITERAL_NULL_CONVERSION = YES;
				CLANG_WARN_OBJC_IMPLICIT_RETAIN_SELF = YES;
				CLANG_WARN_OBJC_LITERAL_CONVERSION = YES;
				CLANG_WARN_OBJC_ROOT_CLASS = YES_ERROR;
				CLANG_WARN_QUOTED_INCLUDE_IN_FRAMEWORK_HEADER = YES;
				CLANG_WARN_RANGE_LOOP_ANALYSIS = YES;
				CLANG_WARN_STRICT_PROTOTYPES = YES;
				CLANG_WARN_SUSPICIOUS_MOVE = YES;
				CLANG_WARN_UNGUARDED_AVAILABILITY = YES_AGGRESSIVE;
				CLANG_WARN_UNREACHABLE_CODE = YES;
				CLANG_WARN__DUPLICATE_METHOD_MATCH = YES;
				COPY_PHASE_STRIP = NO;
				DEBUG_INFORMATION_FORMAT = dwarf;
				ENABLE_STRICT_OBJC_MSGSEND = YES;
				ENABLE_TESTABILITY = YES;
				GCC_C_LANGUAGE_STANDARD = gnu11;
				GCC_DYNAMIC_NO_PIC = NO;
				GCC_NO_COMMON_BLOCKS = YES;
				GCC_OPTIMIZATION_LEVEL = 0;
				GCC_PREPROCESSOR_DEFINITIONS = (
					"DEBUG=1",
					"$(inherited)",
				);
				GCC_WARN_64_TO_32_BIT_CONVERSION = YES;
				GCC_WARN_ABOUT_RETURN_TYPE = YES_ERROR;
				GCC_WARN_UNDECLARED_SELECTOR = YES;
				GCC_WARN_UNINITIALIZED_AUTOS = YES_AGGRESSIVE;
				GCC_WARN_UNUSED_FUNCTION = YES;
				GCC_WARN_UNUSED_VARIABLE = YES;
				IPHONEOS_DEPLOYMENT_TARGET = 15.2;
				MTL_ENABLE_DEBUG_INFO = INCLUDE_SOURCE;
				MTL_FAST_MATH = YES;
				ONLY_ACTIVE_ARCH = YES;
				SDKROOT = iphoneos;
				SWIFT_ACTIVE_COMPILATION_CONDITIONS = DEBUG;
				SWIFT_OPTIMIZATION_LEVEL = "-Onone";
			};
			name = Debug;
		};
		23F9DA15279A319B00B61768 /* Release */ = {
			isa = XCBuildConfiguration;
			buildSettings = {
				ALWAYS_SEARCH_USER_PATHS = NO;
				CLANG_ANALYZER_NONNULL = YES;
				CLANG_ANALYZER_NUMBER_OBJECT_CONVERSION = YES_AGGRESSIVE;
				CLANG_CXX_LANGUAGE_STANDARD = "gnu++17";
				CLANG_CXX_LIBRARY = "libc++";
				CLANG_ENABLE_MODULES = YES;
				CLANG_ENABLE_OBJC_ARC = YES;
				CLANG_ENABLE_OBJC_WEAK = YES;
				CLANG_WARN_BLOCK_CAPTURE_AUTORELEASING = YES;
				CLANG_WARN_BOOL_CONVERSION = YES;
				CLANG_WARN_COMMA = YES;
				CLANG_WARN_CONSTANT_CONVERSION = YES;
				CLANG_WARN_DEPRECATED_OBJC_IMPLEMENTATIONS = YES;
				CLANG_WARN_DIRECT_OBJC_ISA_USAGE = YES_ERROR;
				CLANG_WARN_DOCUMENTATION_COMMENTS = YES;
				CLANG_WARN_EMPTY_BODY = YES;
				CLANG_WARN_ENUM_CONVERSION = YES;
				CLANG_WARN_INFINITE_RECURSION = YES;
				CLANG_WARN_INT_CONVERSION = YES;
				CLANG_WARN_NON_LITERAL_NULL_CONVERSION = YES;
				CLANG_WARN_OBJC_IMPLICIT_RETAIN_SELF = YES;
				CLANG_WARN_OBJC_LITERAL_CONVERSION = YES;
				CLANG_WARN_OBJC_ROOT_CLASS = YES_ERROR;
				CLANG_WARN_QUOTED_INCLUDE_IN_FRAMEWORK_HEADER = YES;
				CLANG_WARN_RANGE_LOOP_ANALYSIS = YES;
				CLANG_WARN_STRICT_PROTOTYPES = YES;
				CLANG_WARN_SUSPICIOUS_MOVE = YES;
				CLANG_WARN_UNGUARDED_AVAILABILITY = YES_AGGRESSIVE;
				CLANG_WARN_UNREACHABLE_CODE = YES;
				CLANG_WARN__DUPLICATE_METHOD_MATCH = YES;
				COPY_PHASE_STRIP = NO;
				DEBUG_INFORMATION_FORMAT = "dwarf-with-dsym";
				ENABLE_NS_ASSERTIONS = NO;
				ENABLE_STRICT_OBJC_MSGSEND = YES;
				GCC_C_LANGUAGE_STANDARD = gnu11;
				GCC_NO_COMMON_BLOCKS = YES;
				GCC_WARN_64_TO_32_BIT_CONVERSION = YES;
				GCC_WARN_ABOUT_RETURN_TYPE = YES_ERROR;
				GCC_WARN_UNDECLARED_SELECTOR = YES;
				GCC_WARN_UNINITIALIZED_AUTOS = YES_AGGRESSIVE;
				GCC_WARN_UNUSED_FUNCTION = YES;
				GCC_WARN_UNUSED_VARIABLE = YES;
				IPHONEOS_DEPLOYMENT_TARGET = 15.2;
				MTL_ENABLE_DEBUG_INFO = NO;
				MTL_FAST_MATH = YES;
				SDKROOT = iphoneos;
				SWIFT_COMPILATION_MODE = wholemodule;
				SWIFT_OPTIMIZATION_LEVEL = "-O";
				VALIDATE_PRODUCT = YES;
			};
			name = Release;
		};
		23F9DA17279A319B00B61768 /* Debug */ = {
			isa = XCBuildConfiguration;
			buildSettings = {
				ASSETCATALOG_COMPILER_APPICON_NAME = AppIcon;
				ASSETCATALOG_COMPILER_GLOBAL_ACCENT_COLOR_NAME = AccentColor;
				CODE_SIGN_STYLE = Automatic;
				CURRENT_PROJECT_VERSION = 1;
				GENERATE_INFOPLIST_FILE = YES;
				INFOPLIST_FILE = task_TheAvengers_IOS/Info.plist;
				INFOPLIST_KEY_UIApplicationSupportsIndirectInputEvents = YES;
				INFOPLIST_KEY_UILaunchStoryboardName = LaunchScreen;
				INFOPLIST_KEY_UIMainStoryboardFile = Main;
				INFOPLIST_KEY_UISupportedInterfaceOrientations_iPad = "UIInterfaceOrientationPortrait UIInterfaceOrientationPortraitUpsideDown UIInterfaceOrientationLandscapeLeft UIInterfaceOrientationLandscapeRight";
				INFOPLIST_KEY_UISupportedInterfaceOrientations_iPhone = "UIInterfaceOrientationPortrait UIInterfaceOrientationLandscapeLeft UIInterfaceOrientationLandscapeRight";
				LD_RUNPATH_SEARCH_PATHS = (
					"$(inherited)",
					"@executable_path/Frameworks",
				);
				MARKETING_VERSION = 1.0;
				PRODUCT_BUNDLE_IDENTIFIER = "lambton.task-TheAvengers-IOS";
				PRODUCT_NAME = "$(TARGET_NAME)";
				SWIFT_EMIT_LOC_STRINGS = YES;
				SWIFT_VERSION = 5.0;
				TARGETED_DEVICE_FAMILY = "1,2";
			};
			name = Debug;
		};
		23F9DA18279A319B00B61768 /* Release */ = {
			isa = XCBuildConfiguration;
			buildSettings = {
				ASSETCATALOG_COMPILER_APPICON_NAME = AppIcon;
				ASSETCATALOG_COMPILER_GLOBAL_ACCENT_COLOR_NAME = AccentColor;
				CODE_SIGN_STYLE = Automatic;
				CURRENT_PROJECT_VERSION = 1;
				GENERATE_INFOPLIST_FILE = YES;
				INFOPLIST_FILE = task_TheAvengers_IOS/Info.plist;
				INFOPLIST_KEY_UIApplicationSupportsIndirectInputEvents = YES;
				INFOPLIST_KEY_UILaunchStoryboardName = LaunchScreen;
				INFOPLIST_KEY_UIMainStoryboardFile = Main;
				INFOPLIST_KEY_UISupportedInterfaceOrientations_iPad = "UIInterfaceOrientationPortrait UIInterfaceOrientationPortraitUpsideDown UIInterfaceOrientationLandscapeLeft UIInterfaceOrientationLandscapeRight";
				INFOPLIST_KEY_UISupportedInterfaceOrientations_iPhone = "UIInterfaceOrientationPortrait UIInterfaceOrientationLandscapeLeft UIInterfaceOrientationLandscapeRight";
				LD_RUNPATH_SEARCH_PATHS = (
					"$(inherited)",
					"@executable_path/Frameworks",
				);
				MARKETING_VERSION = 1.0;
				PRODUCT_BUNDLE_IDENTIFIER = "lambton.task-TheAvengers-IOS";
				PRODUCT_NAME = "$(TARGET_NAME)";
				SWIFT_EMIT_LOC_STRINGS = YES;
				SWIFT_VERSION = 5.0;
				TARGETED_DEVICE_FAMILY = "1,2";
			};
			name = Release;
		};
/* End XCBuildConfiguration section */

/* Begin XCConfigurationList section */
		23F9D9FA279A319A00B61768 /* Build configuration list for PBXProject "task_TheAvengers_IOS" */ = {
			isa = XCConfigurationList;
			buildConfigurations = (
				23F9DA14279A319B00B61768 /* Debug */,
				23F9DA15279A319B00B61768 /* Release */,
			);
			defaultConfigurationIsVisible = 0;
			defaultConfigurationName = Release;
		};
		23F9DA16279A319B00B61768 /* Build configuration list for PBXNativeTarget "task_TheAvengers_IOS" */ = {
			isa = XCConfigurationList;
			buildConfigurations = (
				23F9DA17279A319B00B61768 /* Debug */,
				23F9DA18279A319B00B61768 /* Release */,
			);
			defaultConfigurationIsVisible = 0;
			defaultConfigurationName = Release;
		};
/* End XCConfigurationList section */

/* Begin XCVersionGroup section */
		23F9DA0B279A319A00B61768 /* task_TheAvengers_IOS.xcdatamodeld */ = {
			isa = XCVersionGroup;
			children = (
				23F9DA0C279A319A00B61768 /* task_TheAvengers_IOS.xcdatamodel */,
			);
			currentVersion = 23F9DA0C279A319A00B61768 /* task_TheAvengers_IOS.xcdatamodel */;
			path = task_TheAvengers_IOS.xcdatamodeld;
			sourceTree = "<group>";
			versionGroupType = wrapper.xcdatamodel;
		};
/* End XCVersionGroup section */
	};
	rootObject = 23F9D9F7279A319A00B61768 /* Project object */;
}
